Microsoft Visual Studio Solution File, Format Version 12.00
# Visual Studio Version 17
VisualStudioVersion = 17.5.2.0
MinimumVisualStudioVersion = 10.0.40219.1
Project("{FAE04EC0-301F-11D3-BF4B-00C04F79EFBC}") = "Junior", "Junior\Junior.csproj", "{85807C16-A937-B9CB-7E24-E7C8FBF7EB2A}"
EndProject
Project("{FAE04EC0-301F-11D3-BF4B-00C04F79EFBC}") = "Novis", "Novis\Novis.csproj", "{54925EAD-C062-AE79-575A-5913246047EE}"
EndProject
Project("{FAE04EC0-301F-11D3-BF4B-00C04F79EFBC}") = "Senior", "Senior\Senior.csproj", "{D27E158E-F5F8-A208-3B37-64B980FD5E90}"
EndProject
Global
	GlobalSection(SolutionConfigurationPlatforms) = preSolution
		Debug|Any CPU = Debug|Any CPU
		Release|Any CPU = Release|Any CPU
	EndGlobalSection
	GlobalSection(ProjectConfigurationPlatforms) = postSolution
		{85807C16-A937-B9CB-7E24-E7C8FBF7EB2A}.Debug|Any CPU.ActiveCfg = Debug|Any CPU
		{85807C16-A937-B9CB-7E24-E7C8FBF7EB2A}.Debug|Any CPU.Build.0 = Debug|Any CPU
		{85807C16-A937-B9CB-7E24-E7C8FBF7EB2A}.Release|Any CPU.ActiveCfg = Release|Any CPU
		{85807C16-A937-B9CB-7E24-E7C8FBF7EB2A}.Release|Any CPU.Build.0 = Release|Any CPU
		{54925EAD-C062-AE79-575A-5913246047EE}.Debug|Any CPU.ActiveCfg = Debug|Any CPU
		{54925EAD-C062-AE79-575A-5913246047EE}.Debug|Any CPU.Build.0 = Debug|Any CPU
		{54925EAD-C062-AE79-575A-5913246047EE}.Release|Any CPU.ActiveCfg = Release|Any CPU
		{54925EAD-C062-AE79-575A-5913246047EE}.Release|Any CPU.Build.0 = Release|Any CPU
		{D27E158E-F5F8-A208-3B37-64B980FD5E90}.Debug|Any CPU.ActiveCfg = Debug|Any CPU
		{D27E158E-F5F8-A208-3B37-64B980FD5E90}.Debug|Any CPU.Build.0 = Debug|Any CPU
		{D27E158E-F5F8-A208-3B37-64B980FD5E90}.Release|Any CPU.ActiveCfg = Release|Any CPU
		{D27E158E-F5F8-A208-3B37-64B980FD5E90}.Release|Any CPU.Build.0 = Release|Any CPU
	EndGlobalSection
	GlobalSection(SolutionProperties) = preSolution
		HideSolutionNode = FALSE
	EndGlobalSection
	GlobalSection(ExtensibilityGlobals) = postSolution
		SolutionGuid = {DBDDA338-066E-48F5-80FB-9EF758D18DD0}
	EndGlobalSection
EndGlobal
