Microsoft Visual Studio Solution File, Format Version 12.00
# Visual Studio Version 17
VisualStudioVersion = 17.5.2.0
MinimumVisualStudioVersion = 10.0.40219.1
Project("{FAE04EC0-301F-11D3-BF4B-00C04F79EFBC}") = "Junior", "Junior.csproj", "{15C86D79-4B65-E35A-C2BC-C78B77362441}"
EndProject
Global
	GlobalSection(SolutionConfigurationPlatforms) = preSolution
		Debug|Any CPU = Debug|Any CPU
		Release|Any CPU = Release|Any CPU
	EndGlobalSection
	GlobalSection(ProjectConfigurationPlatforms) = postSolution
		{15C86D79-4B65-E35A-C2BC-C78B77362441}.Debug|Any CPU.ActiveCfg = Debug|Any CPU
		{15C86D79-4B65-E35A-C2BC-C78B77362441}.Debug|Any CPU.Build.0 = Debug|Any CPU
		{15C86D79-4B65-E35A-C2BC-C78B77362441}.Release|Any CPU.ActiveCfg = Release|Any CPU
		{15C86D79-4B65-E35A-C2BC-C78B77362441}.Release|Any CPU.Build.0 = Release|Any CPU
	EndGlobalSection
	GlobalSection(SolutionProperties) = preSolution
		HideSolutionNode = FALSE
	EndGlobalSection
	GlobalSection(ExtensibilityGlobals) = postSolution
		SolutionGuid = {B4BC0E75-C5CB-40CC-8788-C1478E0D9E1F}
	EndGlobalSection
EndGlobal
